// !$*UTF8*$!
{
	archiveVersion = 1;
	classes = {
	};
	objectVersion = 46;
	objects = {

/* Begin PBXBuildFile section */
		C93D24251CF97E8800FA034A /* AppDelegate.swift in Sources */ = {isa = PBXBuildFile; fileRef = C93D24241CF97E8800FA034A /* AppDelegate.swift */; };
		C93D24271CF97E8800FA034A /* ViewController.swift in Sources */ = {isa = PBXBuildFile; fileRef = C93D24261CF97E8800FA034A /* ViewController.swift */; };
		C93D242A1CF97E8800FA034A /* Main.storyboard in Resources */ = {isa = PBXBuildFile; fileRef = C93D24281CF97E8800FA034A /* Main.storyboard */; };
		C93D242C1CF97E8800FA034A /* Assets.xcassets in Resources */ = {isa = PBXBuildFile; fileRef = C93D242B1CF97E8800FA034A /* Assets.xcassets */; };
		C93D242F1CF97E8800FA034A /* LaunchScreen.storyboard in Resources */ = {isa = PBXBuildFile; fileRef = C93D242D1CF97E8800FA034A /* LaunchScreen.storyboard */; };
		C93D24391CFB3ED600FA034A /* ImagesCell.swift in Sources */ = {isa = PBXBuildFile; fileRef = C93D24371CFB3ED600FA034A /* ImagesCell.swift */; };
		C93D243A1CFB3ED600FA034A /* ImagesCell.xib in Resources */ = {isa = PBXBuildFile; fileRef = C93D24381CFB3ED600FA034A /* ImagesCell.xib */; };
		C93D243C1CFB3F4800FA034A /* ReusableProtocol.swift in Sources */ = {isa = PBXBuildFile; fileRef = C93D243B1CFB3F4800FA034A /* ReusableProtocol.swift */; };
		C93D243E1CFF3AE400FA034A /* TestViewController.swift in Sources */ = {isa = PBXBuildFile; fileRef = C93D243D1CFF3AE400FA034A /* TestViewController.swift */; };
		C93D24401CFF3B2800FA034A /* StoryboardIdentityProtocol.swift in Sources */ = {isa = PBXBuildFile; fileRef = C93D243F1CFF3B2800FA034A /* StoryboardIdentityProtocol.swift */; };
		C93D24451CFFED8300FA034A /* ViewModel.swift in Sources */ = {isa = PBXBuildFile; fileRef = C93D24441CFFED8300FA034A /* ViewModel.swift */; };
/* End PBXBuildFile section */

/* Begin PBXFileReference section */
		C93D24211CF97E8700FA034A /* Formel.app */ = {isa = PBXFileReference; explicitFileType = wrapper.application; includeInIndex = 0; path = Formel.app; sourceTree = BUILT_PRODUCTS_DIR; };
		C93D24241CF97E8800FA034A /* AppDelegate.swift */ = {isa = PBXFileReference; lastKnownFileType = sourcecode.swift; path = AppDelegate.swift; sourceTree = "<group>"; };
		C93D24261CF97E8800FA034A /* ViewController.swift */ = {isa = PBXFileReference; lastKnownFileType = sourcecode.swift; path = ViewController.swift; sourceTree = "<group>"; };
		C93D24291CF97E8800FA034A /* Base */ = {isa = PBXFileReference; lastKnownFileType = file.storyboard; name = Base; path = Base.lproj/Main.storyboard; sourceTree = "<group>"; };
		C93D242B1CF97E8800FA034A /* Assets.xcassets */ = {isa = PBXFileReference; lastKnownFileType = folder.assetcatalog; path = Assets.xcassets; sourceTree = "<group>"; };
		C93D242E1CF97E8800FA034A /* Base */ = {isa = PBXFileReference; lastKnownFileType = file.storyboard; name = Base; path = Base.lproj/LaunchScreen.storyboard; sourceTree = "<group>"; };
		C93D24301CF97E8800FA034A /* Info.plist */ = {isa = PBXFileReference; lastKnownFileType = text.plist.xml; path = Info.plist; sourceTree = "<group>"; };
		C93D24371CFB3ED600FA034A /* ImagesCell.swift */ = {isa = PBXFileReference; fileEncoding = 4; lastKnownFileType = sourcecode.swift; path = ImagesCell.swift; sourceTree = "<group>"; };
		C93D24381CFB3ED600FA034A /* ImagesCell.xib */ = {isa = PBXFileReference; fileEncoding = 4; lastKnownFileType = file.xib; path = ImagesCell.xib; sourceTree = "<group>"; };
		C93D243B1CFB3F4800FA034A /* ReusableProtocol.swift */ = {isa = PBXFileReference; fileEncoding = 4; lastKnownFileType = sourcecode.swift; path = ReusableProtocol.swift; sourceTree = "<group>"; };
		C93D243D1CFF3AE400FA034A /* TestViewController.swift */ = {isa = PBXFileReference; fileEncoding = 4; lastKnownFileType = sourcecode.swift; path = TestViewController.swift; sourceTree = "<group>"; };
		C93D243F1CFF3B2800FA034A /* StoryboardIdentityProtocol.swift */ = {isa = PBXFileReference; fileEncoding = 4; lastKnownFileType = sourcecode.swift; path = StoryboardIdentityProtocol.swift; sourceTree = "<group>"; };
		C93D24441CFFED8300FA034A /* ViewModel.swift */ = {isa = PBXFileReference; fileEncoding = 4; lastKnownFileType = sourcecode.swift; path = ViewModel.swift; sourceTree = "<group>"; };
/* End PBXFileReference section */

/* Begin PBXFrameworksBuildPhase section */
		C93D241E1CF97E8700FA034A /* Frameworks */ = {
			isa = PBXFrameworksBuildPhase;
			buildActionMask = 2147483647;
			files = (
			);
			runOnlyForDeploymentPostprocessing = 0;
		};
/* End PBXFrameworksBuildPhase section */

/* Begin PBXGroup section */
		C93D24181CF97E8700FA034A = {
			isa = PBXGroup;
			children = (
				C93D24231CF97E8800FA034A /* Formel */,
				C93D24221CF97E8700FA034A /* Products */,
			);
			sourceTree = "<group>";
		};
		C93D24221CF97E8700FA034A /* Products */ = {
			isa = PBXGroup;
			children = (
				C93D24211CF97E8700FA034A /* Formel.app */,
			);
			name = Products;
			sourceTree = "<group>";
		};
		C93D24231CF97E8800FA034A /* Formel */ = {
			isa = PBXGroup;
			children = (
				C93D24241CF97E8800FA034A /* AppDelegate.swift */,
				C93D24261CF97E8800FA034A /* ViewController.swift */,
				C93D24441CFFED8300FA034A /* ViewModel.swift */,
				C93D24281CF97E8800FA034A /* Main.storyboard */,
				C93D243D1CFF3AE400FA034A /* TestViewController.swift */,
				C93D243B1CFB3F4800FA034A /* ReusableProtocol.swift */,
				C93D243F1CFF3B2800FA034A /* StoryboardIdentityProtocol.swift */,
				C93D24371CFB3ED600FA034A /* ImagesCell.swift */,
				C93D24381CFB3ED600FA034A /* ImagesCell.xib */,
				C93D24361CFB2EE500FA034A /* Resources */,
			);
			path = Formel;
			sourceTree = "<group>";
		};
		C93D24361CFB2EE500FA034A /* Resources */ = {
			isa = PBXGroup;
			children = (
				C93D242B1CF97E8800FA034A /* Assets.xcassets */,
				C93D242D1CF97E8800FA034A /* LaunchScreen.storyboard */,
				C93D24301CF97E8800FA034A /* Info.plist */,
			);
			name = Resources;
			sourceTree = "<group>";
		};
/* End PBXGroup section */

/* Begin PBXNativeTarget section */
		C93D24201CF97E8700FA034A /* Formel */ = {
			isa = PBXNativeTarget;
			buildConfigurationList = C93D24331CF97E8800FA034A /* Build configuration list for PBXNativeTarget "Formel" */;
			buildPhases = (
				C93D241D1CF97E8700FA034A /* Sources */,
				C93D241E1CF97E8700FA034A /* Frameworks */,
				C93D241F1CF97E8700FA034A /* Resources */,
			);
			buildRules = (
			);
			dependencies = (
			);
			name = Formel;
			productName = Formel;
			productReference = C93D24211CF97E8700FA034A /* Formel.app */;
			productType = "com.apple.product-type.application";
		};
/* End PBXNativeTarget section */

/* Begin PBXProject section */
		C93D24191CF97E8700FA034A /* Project object */ = {
			isa = PBXProject;
			attributes = {
				LastSwiftUpdateCheck = 0730;
				LastUpgradeCheck = 0730;
				ORGANIZATIONNAME = "Vishal V. Shekkar";
				TargetAttributes = {
					C93D24201CF97E8700FA034A = {
						CreatedOnToolsVersion = 7.3.1;
					};
				};
			};
			buildConfigurationList = C93D241C1CF97E8700FA034A /* Build configuration list for PBXProject "Formel" */;
			compatibilityVersion = "Xcode 3.2";
			developmentRegion = English;
			hasScannedForEncodings = 0;
			knownRegions = (
				en,
				Base,
			);
			mainGroup = C93D24181CF97E8700FA034A;
			productRefGroup = C93D24221CF97E8700FA034A /* Products */;
			projectDirPath = "";
			projectRoot = "";
			targets = (
				C93D24201CF97E8700FA034A /* Formel */,
			);
		};
/* End PBXProject section */

/* Begin PBXResourcesBuildPhase section */
		C93D241F1CF97E8700FA034A /* Resources */ = {
			isa = PBXResourcesBuildPhase;
			buildActionMask = 2147483647;
			files = (
				C93D242F1CF97E8800FA034A /* LaunchScreen.storyboard in Resources */,
				C93D243A1CFB3ED600FA034A /* ImagesCell.xib in Resources */,
				C93D242C1CF97E8800FA034A /* Assets.xcassets in Resources */,
				C93D242A1CF97E8800FA034A /* Main.storyboard in Resources */,
			);
			runOnlyForDeploymentPostprocessing = 0;
		};
/* End PBXResourcesBuildPhase section */

/* Begin PBXSourcesBuildPhase section */
		C93D241D1CF97E8700FA034A /* Sources */ = {
			isa = PBXSourcesBuildPhase;
			buildActionMask = 2147483647;
			files = (
				C93D243E1CFF3AE400FA034A /* TestViewController.swift in Sources */,
				C93D24391CFB3ED600FA034A /* ImagesCell.swift in Sources */,
				C93D24401CFF3B2800FA034A /* StoryboardIdentityProtocol.swift in Sources */,
				C93D24271CF97E8800FA034A /* ViewController.swift in Sources */,
				C93D243C1CFB3F4800FA034A /* ReusableProtocol.swift in Sources */,
				C93D24251CF97E8800FA034A /* AppDelegate.swift in Sources */,
				C93D24451CFFED8300FA034A /* ViewModel.swift in Sources */,
			);
			runOnlyForDeploymentPostprocessing = 0;
		};
/* End PBXSourcesBuildPhase section */

/* Begin PBXVariantGroup section */
		C93D24281CF97E8800FA034A /* Main.storyboard */ = {
			isa = PBXVariantGroup;
			children = (
				C93D24291CF97E8800FA034A /* Base */,
			);
			name = Main.storyboard;
			sourceTree = "<group>";
		};
		C93D242D1CF97E8800FA034A /* LaunchScreen.storyboard */ = {
			isa = PBXVariantGroup;
			children = (
				C93D242E1CF97E8800FA034A /* Base */,
			);
			name = LaunchScreen.storyboard;
			sourceTree = "<group>";
		};
/* End PBXVariantGroup section */

/* Begin XCBuildConfiguration section */
		C93D24311CF97E8800FA034A /* Debug */ = {
			isa = XCBuildConfiguration;
			buildSettings = {
				ALWAYS_SEARCH_USER_PATHS = NO;
				CLANG_ANALYZER_NONNULL = YES;
				CLANG_CXX_LANGUAGE_STANDARD = "gnu++0x";
				CLANG_CXX_LIBRARY = "libc++";
				CLANG_ENABLE_MODULES = YES;
				CLANG_ENABLE_OBJC_ARC = YES;
				CLANG_WARN_BOOL_CONVERSION = YES;
				CLANG_WARN_CONSTANT_CONVERSION = YES;
				CLANG_WARN_DIRECT_OBJC_ISA_USAGE = YES_ERROR;
				CLANG_WARN_EMPTY_BODY = YES;
				CLANG_WARN_ENUM_CONVERSION = YES;
				CLANG_WARN_INT_CONVERSION = YES;
				CLANG_WARN_OBJC_ROOT_CLASS = YES_ERROR;
				CLANG_WARN_UNREACHABLE_CODE = YES;
				CLANG_WARN__DUPLICATE_METHOD_MATCH = YES;
				"CODE_SIGN_IDENTITY[sdk=iphoneos*]" = "iPhone Developer";
				COPY_PHASE_STRIP = NO;
				DEBUG_INFORMATION_FORMAT = dwarf;
				ENABLE_STRICT_OBJC_MSGSEND = YES;
				ENABLE_TESTABILITY = YES;
				GCC_C_LANGUAGE_STANDARD = gnu99;
				GCC_DYNAMIC_NO_PIC = NO;
				GCC_NO_COMMON_BLOCKS = YES;
				GCC_OPTIMIZATION_LEVEL = 0;
				GCC_PREPROCESSOR_DEFINITIONS = (
					"DEBUG=1",
					"$(inherited)",
				);
				GCC_WARN_64_TO_32_BIT_CONVERSION = YES;
				GCC_WARN_ABOUT_RETURN_TYPE = YES_ERROR;
				GCC_WARN_UNDECLARED_SELECTOR = YES;
				GCC_WARN_UNINITIALIZED_AUTOS = YES_AGGRESSIVE;
				GCC_WARN_UNUSED_FUNCTION = YES;
				GCC_WARN_UNUSED_VARIABLE = YES;
				IPHONEOS_DEPLOYMENT_TARGET = 9.3;
				MTL_ENABLE_DEBUG_INFO = YES;
				ONLY_ACTIVE_ARCH = YES;
				SDKROOT = iphoneos;
				SWIFT_OPTIMIZATION_LEVEL = "-Onone";
				TARGETED_DEVICE_FAMILY = "1,2";
			};
			name = Debug;
		};
		C93D24321CF97E8800FA034A /* Release */ = {
			isa = XCBuildConfiguration;
			buildSettings = {
				ALWAYS_SEARCH_USER_PATHS = NO;
				CLANG_ANALYZER_NONNULL = YES;
				CLANG_CXX_LANGUAGE_STANDARD = "gnu++0x";
				CLANG_CXX_LIBRARY = "libc++";
				CLANG_ENABLE_MODULES = YES;
				CLANG_ENABLE_OBJC_ARC = YES;
				CLANG_WARN_BOOL_CONVERSION = YES;
				CLANG_WARN_CONSTANT_CONVERSION = YES;
				CLANG_WARN_DIRECT_OBJC_ISA_USAGE = YES_ERROR;
				CLANG_WARN_EMPTY_BODY = YES;
				CLANG_WARN_ENUM_CONVERSION = YES;
				CLANG_WARN_INT_CONVERSION = YES;
				CLANG_WARN_OBJC_ROOT_CLASS = YES_ERROR;
				CLANG_WARN_UNREACHABLE_CODE = YES;
				CLANG_WARN__DUPLICATE_METHOD_MATCH = YES;
				"CODE_SIGN_IDENTITY[sdk=iphoneos*]" = "iPhone Developer";
				COPY_PHASE_STRIP = NO;
				DEBUG_INFORMATION_FORMAT = "dwarf-with-dsym";
				ENABLE_NS_ASSERTIONS = NO;
				ENABLE_STRICT_OBJC_MSGSEND = YES;
				GCC_C_LANGUAGE_STANDARD = gnu99;
				GCC_NO_COMMON_BLOCKS = YES;
				GCC_WARN_64_TO_32_BIT_CONVERSION = YES;
				GCC_WARN_ABOUT_RETURN_TYPE = YES_ERROR;
				GCC_WARN_UNDECLARED_SELECTOR = YES;
				GCC_WARN_UNINITIALIZED_AUTOS = YES_AGGRESSIVE;
				GCC_WARN_UNUSED_FUNCTION = YES;
				GCC_WARN_UNUSED_VARIABLE = YES;
				IPHONEOS_DEPLOYMENT_TARGET = 9.3;
				MTL_ENABLE_DEBUG_INFO = NO;
				SDKROOT = iphoneos;
				TARGETED_DEVICE_FAMILY = "1,2";
				VALIDATE_PRODUCT = YES;
			};
			name = Release;
		};
		C93D24341CF97E8800FA034A /* Debug */ = {
			isa = XCBuildConfiguration;
			buildSettings = {
				ASSETCATALOG_COMPILER_APPICON_NAME = AppIcon;
				INFOPLIST_FILE = Formel/Info.plist;
				LD_RUNPATH_SEARCH_PATHS = "$(inherited) @executable_path/Frameworks";
				PRODUCT_BUNDLE_IDENTIFIER = "Vishal-V.-Shekkar.Formel";
				PRODUCT_NAME = "$(TARGET_NAME)";
			};
			name = Debug;
		};
		C93D24351CF97E8800FA034A /* Release */ = {
			isa = XCBuildConfiguration;
			buildSettings = {
				ASSETCATALOG_COMPILER_APPICON_NAME = AppIcon;
				INFOPLIST_FILE = Formel/Info.plist;
				LD_RUNPATH_SEARCH_PATHS = "$(inherited) @executable_path/Frameworks";
				PRODUCT_BUNDLE_IDENTIFIER = "Vishal-V.-Shekkar.Formel";
				PRODUCT_NAME = "$(TARGET_NAME)";
			};
			name = Release;
		};
/* End XCBuildConfiguration section */

/* Begin XCConfigurationList section */
		C93D241C1CF97E8700FA034A /* Build configuration list for PBXProject "Formel" */ = {
			isa = XCConfigurationList;
			buildConfigurations = (
				C93D24311CF97E8800FA034A /* Debug */,
				C93D24321CF97E8800FA034A /* Release */,
			);
			defaultConfigurationIsVisible = 0;
			defaultConfigurationName = Release;
		};
		C93D24331CF97E8800FA034A /* Build configuration list for PBXNativeTarget "Formel" */ = {
			isa = XCConfigurationList;
			buildConfigurations = (
				C93D24341CF97E8800FA034A /* Debug */,
				C93D24351CF97E8800FA034A /* Release */,
			);
			defaultConfigurationIsVisible = 0;
		};
/* End XCConfigurationList section */
	};
	rootObject = C93D24191CF97E8700FA034A /* Project object */;
}
